{
  "version": 4,
  "terraform_version": "1.7.4",
  "serial": 12,
  "lineage": "910ab160-799f-754f-9717-c2c11eac90fb",
  "outputs": {},
  "resources": [
    {
      "module": "module.support",
      "mode": "managed",
      "type": "aws_iam_role",
      "name": "invocation_role",
      "provider": "provider[\"registry.terraform.io/hashicorp/aws\"]",
      "instances": [
        {
          "schema_version": 0,
          "attributes": {
            "arn": "arn:aws:iam::279044386247:role/api_gateway_auth_invocation_role-snack-shop",
            "assume_role_policy": "{\"Statement\":[{\"Action\":\"sts:AssumeRole\",\"Effect\":\"Allow\",\"Principal\":{\"Service\":\"apigateway.amazonaws.com\"},\"Sid\":\"\"}],\"Version\":\"2012-10-17\"}",
            "create_date": "2024-05-16T18:44:14Z",
            "description": "",
            "force_detach_policies": false,
            "id": "api_gateway_auth_invocation_role-snack-shop",
            "inline_policy": [],
            "managed_policy_arns": [],
            "max_session_duration": 3600,
            "name": "api_gateway_auth_invocation_role-snack-shop",
            "name_prefix": "",
            "path": "/",
            "permissions_boundary": null,
            "role_last_used": [
              {
                "last_used_date": "",
                "region": ""
              }
            ],
            "tags": null,
            "tags_all": {},
            "unique_id": "AROAUB6CXNXD7LJSF6JZA"
          },
          "sensitive_attributes": [],
          "private": "bnVsbA=="
        }
      ]
    },
    {
      "module": "module.support",
      "mode": "managed",
      "type": "aws_iam_role",
      "name": "lambda",
      "provider": "provider[\"registry.terraform.io/hashicorp/aws\"]",
      "instances": [
        {
          "schema_version": 0,
          "attributes": {
            "arn": "arn:aws:iam::279044386247:role/lambda_role-snack-shop",
            "assume_role_policy": "{\"Statement\":[{\"Action\":\"sts:AssumeRole\",\"Effect\":\"Allow\",\"Principal\":{\"Service\":\"lambda.amazonaws.com\"},\"Sid\":\"\"}],\"Version\":\"2012-10-17\"}",
            "create_date": "2024-05-16T18:44:14Z",
            "description": "",
            "force_detach_policies": false,
            "id": "lambda_role-snack-shop",
            "inline_policy": [],
            "managed_policy_arns": [],
            "max_session_duration": 3600,
            "name": "lambda_role-snack-shop",
            "name_prefix": "",
            "path": "/",
            "permissions_boundary": null,
            "role_last_used": [
              {
                "last_used_date": "",
                "region": ""
              }
            ],
            "tags": null,
            "tags_all": {},
            "unique_id": "AROAUB6CXNXD3HBQGQDPF"
          },
          "sensitive_attributes": [],
          "private": "bnVsbA=="
        }
      ]
    },
    {
      "module": "module.support",
      "mode": "managed",
      "type": "aws_iam_user",
      "name": "raw_s3_bucket",
      "provider": "provider[\"registry.terraform.io/hashicorp/aws\"]",
      "instances": [
        {
          "schema_version": 0,
          "attributes": {
            "arn": "arn:aws:iam::279044386247:user/raw-bucket-snackshop",
            "force_destroy": false,
            "id": "raw-bucket-snackshop",
            "name": "raw-bucket-snackshop",
            "path": "/",
            "permissions_boundary": null,
            "tags": null,
            "tags_all": {},
            "unique_id": "AIDAUB6CXNXD4W7DY7QM6"
          },
          "sensitive_attributes": [],
          "private": "bnVsbA=="
        }
      ]
    },
    {
      "module": "module.support",
      "mode": "managed",
      "type": "aws_s3_bucket",
      "name": "raw_s3_bucket",
      "provider": "provider[\"registry.terraform.io/hashicorp/aws\"]",
      "instances": [
        {
          "schema_version": 0,
          "attributes": {
            "acceleration_status": "",
            "acl": null,
            "arn": "arn:aws:s3:::raw-bucket-snackshop",
            "bucket": "raw-bucket-snackshop",
            "bucket_domain_name": "raw-bucket-snackshop.s3.amazonaws.com",
            "bucket_prefix": "",
            "bucket_regional_domain_name": "raw-bucket-snackshop.s3.us-west-2.amazonaws.com",
            "cors_rule": [],
            "force_destroy": false,
            "grant": [
              {
                "id": "5e21b13296c9b2bd24f26c718ed9dc500702cc62fe87b8f180ac24a69d2c17d0",
                "permissions": [
                  "FULL_CONTROL"
                ],
                "type": "CanonicalUser",
                "uri": ""
              }
            ],
            "hosted_zone_id": "Z3BJ6K6RIION7M",
            "id": "raw-bucket-snackshop",
            "lifecycle_rule": [],
            "logging": [],
            "object_lock_configuration": [],
            "object_lock_enabled": false,
            "policy": "",
            "region": "us-west-2",
            "replication_configuration": [],
            "request_payer": "BucketOwner",
            "server_side_encryption_configuration": [
              {
                "rule": [
                  {
                    "apply_server_side_encryption_by_default": [
                      {
                        "kms_master_key_id": "",
                        "sse_algorithm": "AES256"
                      }
                    ],
                    "bucket_key_enabled": false
                  }
                ]
              }
            ],
            "tags": {
              "Environment": "dev"
            },
            "tags_all": {
              "Environment": "dev"
            },
            "timeouts": null,
            "versioning": [
              {
                "enabled": false,
                "mfa_delete": false
              }
            ],
            "website": [],
            "website_domain": null,
            "website_endpoint": null
          },
          "sensitive_attributes": [],
          "private": "eyJlMmJmYjczMC1lY2FhLTExZTYtOGY4OC0zNDM2M2JjN2M0YzAiOnsiY3JlYXRlIjoxMjAwMDAwMDAwMDAwLCJkZWxldGUiOjM2MDAwMDAwMDAwMDAsInJlYWQiOjEyMDAwMDAwMDAwMDAsInVwZGF0ZSI6MTIwMDAwMDAwMDAwMH19"
        }
      ]
    },
    {
      "module": "module.support",
      "mode": "managed",
      "type": "aws_s3_bucket_acl",
      "name": "raw_s3_bucket",
      "provider": "provider[\"registry.terraform.io/hashicorp/aws\"]",
      "instances": [
        {
          "schema_version": 0,
          "attributes": {
            "access_control_policy": [
              {
                "grant": [
                  {
                    "grantee": [
                      {
                        "display_name": "",
                        "email_address": "",
                        "id": "",
                        "type": "Group",
                        "uri": "http://acs.amazonaws.com/groups/global/AllUsers"
                      }
                    ],
                    "permission": "READ"
                  },
                  {
                    "grantee": [
                      {
                        "display_name": "eduardo",
                        "email_address": "",
                        "id": "5e21b13296c9b2bd24f26c718ed9dc500702cc62fe87b8f180ac24a69d2c17d0",
                        "type": "CanonicalUser",
                        "uri": ""
                      }
                    ],
                    "permission": "FULL_CONTROL"
                  }
                ],
                "owner": [
                  {
                    "display_name": "eduardo",
                    "id": "5e21b13296c9b2bd24f26c718ed9dc500702cc62fe87b8f180ac24a69d2c17d0"
                  }
                ]
              }
            ],
            "acl": "public-read",
            "bucket": "raw-bucket-snackshop",
            "expected_bucket_owner": "",
            "id": "raw-bucket-snackshop,public-read"
          },
          "sensitive_attributes": [],
          "private": "bnVsbA==",
          "dependencies": [
            "module.support.aws_s3_bucket.raw_s3_bucket",
            "module.support.aws_s3_bucket_ownership_controls.s3_bucket_acl_ownership",
            "module.support.aws_s3_bucket_public_access_block.raw_s3_bucket"
          ]
        }
      ]
    },
    {
      "module": "module.support",
      "mode": "managed",
      "type": "aws_s3_bucket_cors_configuration",
      "name": "raw_s3_bucket",
      "provider": "provider[\"registry.terraform.io/hashicorp/aws\"]",
      "instances": [
        {
          "schema_version": 0,
          "attributes": {
            "bucket": "raw-bucket-snackshop",
            "cors_rule": [
              {
                "allowed_headers": [
                  "*"
                ],
                "allowed_methods": [
                  "GET",
                  "HEAD"
                ],
                "allowed_origins": [
                  "*"
                ],
                "expose_headers": [
                  "ETag"
                ],
                "id": "",
                "max_age_seconds": 3000
              }
            ],
            "expected_bucket_owner": "",
            "id": "raw-bucket-snackshop"
          },
          "sensitive_attributes": [],
          "private": "bnVsbA==",
          "dependencies": [
            "module.support.aws_s3_bucket.raw_s3_bucket"
          ]
        }
      ]
    },
    {
      "module": "module.support",
      "mode": "managed",
      "type": "aws_s3_bucket_ownership_controls",
      "name": "s3_bucket_acl_ownership",
      "provider": "provider[\"registry.terraform.io/hashicorp/aws\"]",
      "instances": [
        {
          "schema_version": 0,
          "attributes": {
            "bucket": "raw-bucket-snackshop",
            "id": "raw-bucket-snackshop",
            "rule": [
              {
                "object_ownership": "BucketOwnerPreferred"
              }
            ]
          },
          "sensitive_attributes": [],
          "private": "bnVsbA==",
          "dependencies": [
            "module.support.aws_s3_bucket.raw_s3_bucket",
            "module.support.aws_s3_bucket_public_access_block.raw_s3_bucket"
          ]
        }
      ]
    },
    {
      "module": "module.support",
      "mode": "managed",
      "type": "aws_s3_bucket_policy",
      "name": "raw_s3_bucket",
      "provider": "provider[\"registry.terraform.io/hashicorp/aws\"]",
      "instances": [
        {
          "schema_version": 0,
          "attributes": {
            "bucket": "raw-bucket-snackshop",
            "id": "raw-bucket-snackshop",
            "policy": "{\"Statement\":[{\"Action\":[\"s3:*\"],\"Effect\":\"Allow\",\"Principal\":\"*\",\"Resource\":[\"arn:aws:s3:::raw-bucket-snackshop\",\"arn:aws:s3:::raw-bucket-snackshop/*\"]},{\"Action\":[\"s3:GetObject\",\"s3:PutObject\",\"s3:DeleteObject\"],\"Effect\":\"Allow\",\"Principal\":\"*\",\"Resource\":[\"arn:aws:s3:::raw-bucket-snackshop\",\"arn:aws:s3:::raw-bucket-snackshop/*\"],\"Sid\":\"PublicReadWriteObject\"}],\"Version\":\"2012-10-17\"}"
          },
          "sensitive_attributes": [],
          "private": "bnVsbA==",
          "dependencies": [
            "module.support.aws_s3_bucket.raw_s3_bucket",
            "module.support.aws_s3_bucket_public_access_block.raw_s3_bucket"
          ]
        }
      ]
    },
    {
      "module": "module.support",
      "mode": "managed",
      "type": "aws_s3_bucket_public_access_block",
      "name": "raw_s3_bucket",
      "provider": "provider[\"registry.terraform.io/hashicorp/aws\"]",
      "instances": [
        {
          "schema_version": 0,
          "attributes": {
            "block_public_acls": false,
            "block_public_policy": false,
            "bucket": "raw-bucket-snackshop",
            "id": "raw-bucket-snackshop",
            "ignore_public_acls": false,
            "restrict_public_buckets": false
          },
          "sensitive_attributes": [],
          "private": "bnVsbA==",
          "dependencies": [
            "module.support.aws_s3_bucket.raw_s3_bucket"
          ]
        }
      ]
    }
  ],
  "check_results": null
}
